// !$*UTF8*$!
{
	archiveVersion = 1;
	classes = {
	};
	objectVersion = 55;
	objects = {

/* Begin PBXBuildFile section */
		04099C91280C8B810017D7C2 /* ProfileView.xib in Resources */ = {isa = PBXBuildFile; fileRef = 04099C90280C8B810017D7C2 /* ProfileView.xib */; };
		04099C94280C8BA20017D7C2 /* Profile.storyboard in Resources */ = {isa = PBXBuildFile; fileRef = 04099C93280C8BA20017D7C2 /* Profile.storyboard */; };
		04099C96280C8BD60017D7C2 /* ProfileView.swift in Sources */ = {isa = PBXBuildFile; fileRef = 04099C95280C8BD60017D7C2 /* ProfileView.swift */; };
		04099C98280C8BF90017D7C2 /* ProfileViewController.swift in Sources */ = {isa = PBXBuildFile; fileRef = 04099C97280C8BF90017D7C2 /* ProfileViewController.swift */; };
		04099C9A280C8C980017D7C2 /* ProfileView.xib in Resources */ = {isa = PBXBuildFile; fileRef = 04099C99280C8C980017D7C2 /* ProfileView.xib */; };
		04AFD7312800AA43009502FA /* AppDelegate.swift in Sources */ = {isa = PBXBuildFile; fileRef = 04AFD7302800AA43009502FA /* AppDelegate.swift */; };
		04AFD7332800AA43009502FA /* SceneDelegate.swift in Sources */ = {isa = PBXBuildFile; fileRef = 04AFD7322800AA43009502FA /* SceneDelegate.swift */; };
		04AFD7352800AA43009502FA /* ViewController.swift in Sources */ = {isa = PBXBuildFile; fileRef = 04AFD7342800AA43009502FA /* ViewController.swift */; };
		04AFD7382800AA43009502FA /* Main.storyboard in Resources */ = {isa = PBXBuildFile; fileRef = 04AFD7362800AA43009502FA /* Main.storyboard */; };
		04AFD73A2800AA47009502FA /* Assets.xcassets in Resources */ = {isa = PBXBuildFile; fileRef = 04AFD7392800AA47009502FA /* Assets.xcassets */; };
		04AFD73D2800AA47009502FA /* LaunchScreen.storyboard in Resources */ = {isa = PBXBuildFile; fileRef = 04AFD73B2800AA47009502FA /* LaunchScreen.storyboard */; };
		04AFD7482800AA48009502FA /* Netology_IB_Instruments1Tests.swift in Sources */ = {isa = PBXBuildFile; fileRef = 04AFD7472800AA48009502FA /* Netology_IB_Instruments1Tests.swift */; };
		04AFD7522800AA49009502FA /* Netology_IB_Instruments1UITests.swift in Sources */ = {isa = PBXBuildFile; fileRef = 04AFD7512800AA49009502FA /* Netology_IB_Instruments1UITests.swift */; };
		04AFD7542800AA49009502FA /* Netology_IB_Instruments1UITestsLaunchTests.swift in Sources */ = {isa = PBXBuildFile; fileRef = 04AFD7532800AA49009502FA /* Netology_IB_Instruments1UITestsLaunchTests.swift */; };
/* End PBXBuildFile section */

/* Begin PBXContainerItemProxy section */
		04AFD7442800AA48009502FA /* PBXContainerItemProxy */ = {
			isa = PBXContainerItemProxy;
			containerPortal = 04AFD7252800AA43009502FA /* Project object */;
			proxyType = 1;
			remoteGlobalIDString = 04AFD72C2800AA43009502FA;
			remoteInfo = Netology_IB_Instruments1;
		};
		04AFD74E2800AA49009502FA /* PBXContainerItemProxy */ = {
			isa = PBXContainerItemProxy;
			containerPortal = 04AFD7252800AA43009502FA /* Project object */;
			proxyType = 1;
			remoteGlobalIDString = 04AFD72C2800AA43009502FA;
			remoteInfo = Netology_IB_Instruments1;
		};
/* End PBXContainerItemProxy section */

/* Begin PBXFileReference section */
		04099C90280C8B810017D7C2 /* ProfileView.xib */ = {isa = PBXFileReference; fileEncoding = 4; lastKnownFileType = file.xib; name = ProfileView.xib; path = ../../../../../../Netology_IB_Instruments/ProfileView.xib; sourceTree = "<group>"; };
		04099C93280C8BA20017D7C2 /* Profile.storyboard */ = {isa = PBXFileReference; fileEncoding = 4; lastKnownFileType = file.storyboard; name = Profile.storyboard; path = ../../../../../../Netology_IB_Instruments/Profile.storyboard; sourceTree = "<group>"; };
		04099C95280C8BD60017D7C2 /* ProfileView.swift */ = {isa = PBXFileReference; fileEncoding = 4; lastKnownFileType = sourcecode.swift; name = ProfileView.swift; path = ../../../../../../Netology_IB_Instruments/ProfileView.swift; sourceTree = "<group>"; };
		04099C97280C8BF90017D7C2 /* ProfileViewController.swift */ = {isa = PBXFileReference; fileEncoding = 4; lastKnownFileType = sourcecode.swift; name = ProfileViewController.swift; path = ../../../../../../Netology_IB_Instruments/ProfileViewController.swift; sourceTree = "<group>"; };
		04099C99280C8C980017D7C2 /* ProfileView.xib */ = {isa = PBXFileReference; fileEncoding = 4; lastKnownFileType = file.xib; name = ProfileView.xib; path = ../../../../../../Netology_IB_Instruments/ProfileView.xib; sourceTree = "<group>"; };
		04AFD72D2800AA43009502FA /* Netology_IB_Instruments1.app */ = {isa = PBXFileReference; explicitFileType = wrapper.application; includeInIndex = 0; path = Netology_IB_Instruments1.app; sourceTree = BUILT_PRODUCTS_DIR; };
		04AFD7302800AA43009502FA /* AppDelegate.swift */ = {isa = PBXFileReference; lastKnownFileType = sourcecode.swift; path = AppDelegate.swift; sourceTree = "<group>"; };
		04AFD7322800AA43009502FA /* SceneDelegate.swift */ = {isa = PBXFileReference; lastKnownFileType = sourcecode.swift; path = SceneDelegate.swift; sourceTree = "<group>"; };
		04AFD7342800AA43009502FA /* ViewController.swift */ = {isa = PBXFileReference; lastKnownFileType = sourcecode.swift; path = ViewController.swift; sourceTree = "<group>"; };
		04AFD7372800AA43009502FA /* Base */ = {isa = PBXFileReference; lastKnownFileType = file.storyboard; name = Base; path = Base.lproj/Main.storyboard; sourceTree = "<group>"; };
		04AFD7392800AA47009502FA /* Assets.xcassets */ = {isa = PBXFileReference; lastKnownFileType = folder.assetcatalog; path = Assets.xcassets; sourceTree = "<group>"; };
		04AFD73C2800AA47009502FA /* Base */ = {isa = PBXFileReference; lastKnownFileType = file.storyboard; name = Base; path = Base.lproj/LaunchScreen.storyboard; sourceTree = "<group>"; };
		04AFD73E2800AA47009502FA /* Info.plist */ = {isa = PBXFileReference; lastKnownFileType = text.plist.xml; path = Info.plist; sourceTree = "<group>"; };
		04AFD7432800AA48009502FA /* Netology_IB_Instruments1Tests.xctest */ = {isa = PBXFileReference; explicitFileType = wrapper.cfbundle; includeInIndex = 0; path = Netology_IB_Instruments1Tests.xctest; sourceTree = BUILT_PRODUCTS_DIR; };
		04AFD7472800AA48009502FA /* Netology_IB_Instruments1Tests.swift */ = {isa = PBXFileReference; lastKnownFileType = sourcecode.swift; path = Netology_IB_Instruments1Tests.swift; sourceTree = "<group>"; };
		04AFD74D2800AA49009502FA /* Netology_IB_Instruments1UITests.xctest */ = {isa = PBXFileReference; explicitFileType = wrapper.cfbundle; includeInIndex = 0; path = Netology_IB_Instruments1UITests.xctest; sourceTree = BUILT_PRODUCTS_DIR; };
		04AFD7512800AA49009502FA /* Netology_IB_Instruments1UITests.swift */ = {isa = PBXFileReference; lastKnownFileType = sourcecode.swift; path = Netology_IB_Instruments1UITests.swift; sourceTree = "<group>"; };
		04AFD7532800AA49009502FA /* Netology_IB_Instruments1UITestsLaunchTests.swift */ = {isa = PBXFileReference; lastKnownFileType = sourcecode.swift; path = Netology_IB_Instruments1UITestsLaunchTests.swift; sourceTree = "<group>"; };
/* End PBXFileReference section */

/* Begin PBXFrameworksBuildPhase section */
		04AFD72A2800AA43009502FA /* Frameworks */ = {
			isa = PBXFrameworksBuildPhase;
			buildActionMask = 2147483647;
			files = (
			);
			runOnlyForDeploymentPostprocessing = 0;
		};
		04AFD7402800AA48009502FA /* Frameworks */ = {
			isa = PBXFrameworksBuildPhase;
			buildActionMask = 2147483647;
			files = (
			);
			runOnlyForDeploymentPostprocessing = 0;
		};
		04AFD74A2800AA49009502FA /* Frameworks */ = {
			isa = PBXFrameworksBuildPhase;
			buildActionMask = 2147483647;
			files = (
			);
			runOnlyForDeploymentPostprocessing = 0;
		};
/* End PBXFrameworksBuildPhase section */

/* Begin PBXGroup section */
		04AFD7242800AA43009502FA = {
			isa = PBXGroup;
			children = (
				04AFD72F2800AA43009502FA /* Netology_IB_Instruments1 */,
				04AFD7462800AA48009502FA /* Netology_IB_Instruments1Tests */,
				04AFD7502800AA49009502FA /* Netology_IB_Instruments1UITests */,
				04AFD72E2800AA43009502FA /* Products */,
			);
			sourceTree = "<group>";
		};
		04AFD72E2800AA43009502FA /* Products */ = {
			isa = PBXGroup;
			children = (
				04AFD72D2800AA43009502FA /* Netology_IB_Instruments1.app */,
				04AFD7432800AA48009502FA /* Netology_IB_Instruments1Tests.xctest */,
				04AFD74D2800AA49009502FA /* Netology_IB_Instruments1UITests.xctest */,
			);
			name = Products;
			sourceTree = "<group>";
		};
		04AFD72F2800AA43009502FA /* Netology_IB_Instruments1 */ = {
			isa = PBXGroup;
			children = (
				04099C93280C8BA20017D7C2 /* Profile.storyboard */,
				04099C95280C8BD60017D7C2 /* ProfileView.swift */,
				04099C99280C8C980017D7C2 /* ProfileView.xib */,
				04099C97280C8BF90017D7C2 /* ProfileViewController.swift */,
				04AFD7302800AA43009502FA /* AppDelegate.swift */,
				04AFD7322800AA43009502FA /* SceneDelegate.swift */,
				04AFD7342800AA43009502FA /* ViewController.swift */,
				04AFD7362800AA43009502FA /* Main.storyboard */,
				04AFD7392800AA47009502FA /* Assets.xcassets */,
				04AFD73B2800AA47009502FA /* LaunchScreen.storyboard */,
				04AFD73E2800AA47009502FA /* Info.plist */,
			);
			path = Netology_IB_Instruments1;
			sourceTree = "<group>";
		};
		04AFD7462800AA48009502FA /* Netology_IB_Instruments1Tests */ = {
			isa = PBXGroup;
			children = (
				04AFD7472800AA48009502FA /* Netology_IB_Instruments1Tests.swift */,
			);
			path = Netology_IB_Instruments1Tests;
			sourceTree = "<group>";
		};
		04AFD7502800AA49009502FA /* Netology_IB_Instruments1UITests */ = {
			isa = PBXGroup;
			children = (
				04AFD7512800AA49009502FA /* Netology_IB_Instruments1UITests.swift */,
				04AFD7532800AA49009502FA /* Netology_IB_Instruments1UITestsLaunchTests.swift */,
				04099C90280C8B810017D7C2 /* ProfileView.xib */,
			);
			path = Netology_IB_Instruments1UITests;
			sourceTree = "<group>";
		};
/* End PBXGroup section */

/* Begin PBXNativeTarget section */
		04AFD72C2800AA43009502FA /* Netology_IB_Instruments1 */ = {
			isa = PBXNativeTarget;
			buildConfigurationList = 04AFD7572800AA49009502FA /* Build configuration list for PBXNativeTarget "Netology_IB_Instruments1" */;
			buildPhases = (
				04AFD7292800AA43009502FA /* Sources */,
				04AFD72A2800AA43009502FA /* Frameworks */,
				04AFD72B2800AA43009502FA /* Resources */,
			);
			buildRules = (
			);
			dependencies = (
			);
			name = Netology_IB_Instruments1;
			productName = Netology_IB_Instruments1;
			productReference = 04AFD72D2800AA43009502FA /* Netology_IB_Instruments1.app */;
			productType = "com.apple.product-type.application";
		};
		04AFD7422800AA48009502FA /* Netology_IB_Instruments1Tests */ = {
			isa = PBXNativeTarget;
			buildConfigurationList = 04AFD75A2800AA49009502FA /* Build configuration list for PBXNativeTarget "Netology_IB_Instruments1Tests" */;
			buildPhases = (
				04AFD73F2800AA48009502FA /* Sources */,
				04AFD7402800AA48009502FA /* Frameworks */,
				04AFD7412800AA48009502FA /* Resources */,
			);
			buildRules = (
			);
			dependencies = (
				04AFD7452800AA48009502FA /* PBXTargetDependency */,
			);
			name = Netology_IB_Instruments1Tests;
			productName = Netology_IB_Instruments1Tests;
			productReference = 04AFD7432800AA48009502FA /* Netology_IB_Instruments1Tests.xctest */;
			productType = "com.apple.product-type.bundle.unit-test";
		};
		04AFD74C2800AA49009502FA /* Netology_IB_Instruments1UITests */ = {
			isa = PBXNativeTarget;
			buildConfigurationList = 04AFD75D2800AA49009502FA /* Build configuration list for PBXNativeTarget "Netology_IB_Instruments1UITests" */;
			buildPhases = (
				04AFD7492800AA49009502FA /* Sources */,
				04AFD74A2800AA49009502FA /* Frameworks */,
				04AFD74B2800AA49009502FA /* Resources */,
			);
			buildRules = (
			);
			dependencies = (
				04AFD74F2800AA49009502FA /* PBXTargetDependency */,
			);
			name = Netology_IB_Instruments1UITests;
			productName = Netology_IB_Instruments1UITests;
			productReference = 04AFD74D2800AA49009502FA /* Netology_IB_Instruments1UITests.xctest */;
			productType = "com.apple.product-type.bundle.ui-testing";
		};
/* End PBXNativeTarget section */

/* Begin PBXProject section */
		04AFD7252800AA43009502FA /* Project object */ = {
			isa = PBXProject;
			attributes = {
				BuildIndependentTargetsInParallel = 1;
				LastSwiftUpdateCheck = 1320;
				LastUpgradeCheck = 1320;
				TargetAttributes = {
					04AFD72C2800AA43009502FA = {
						CreatedOnToolsVersion = 13.2.1;
					};
					04AFD7422800AA48009502FA = {
						CreatedOnToolsVersion = 13.2.1;
						TestTargetID = 04AFD72C2800AA43009502FA;
					};
					04AFD74C2800AA49009502FA = {
						CreatedOnToolsVersion = 13.2.1;
						TestTargetID = 04AFD72C2800AA43009502FA;
					};
				};
			};
			buildConfigurationList = 04AFD7282800AA43009502FA /* Build configuration list for PBXProject "Netology_IB_Instruments1" */;
			compatibilityVersion = "Xcode 13.0";
			developmentRegion = en;
			hasScannedForEncodings = 0;
			knownRegions = (
				en,
				Base,
			);
			mainGroup = 04AFD7242800AA43009502FA;
			productRefGroup = 04AFD72E2800AA43009502FA /* Products */;
			projectDirPath = "";
			projectRoot = "";
			targets = (
				04AFD72C2800AA43009502FA /* Netology_IB_Instruments1 */,
				04AFD7422800AA48009502FA /* Netology_IB_Instruments1Tests */,
				04AFD74C2800AA49009502FA /* Netology_IB_Instruments1UITests */,
			);
		};
/* End PBXProject section */

/* Begin PBXResourcesBuildPhase section */
		04AFD72B2800AA43009502FA /* Resources */ = {
			isa = PBXResourcesBuildPhase;
			buildActionMask = 2147483647;
			files = (
				04AFD73D2800AA47009502FA /* LaunchScreen.storyboard in Resources */,
				04099C9A280C8C980017D7C2 /* ProfileView.xib in Resources */,
				04099C94280C8BA20017D7C2 /* Profile.storyboard in Resources */,
				04AFD73A2800AA47009502FA /* Assets.xcassets in Resources */,
				04AFD7382800AA43009502FA /* Main.storyboard in Resources */,
			);
			runOnlyForDeploymentPostprocessing = 0;
		};
		04AFD7412800AA48009502FA /* Resources */ = {
			isa = PBXResourcesBuildPhase;
			buildActionMask = 2147483647;
			files = (
			);
			runOnlyForDeploymentPostprocessing = 0;
		};
		04AFD74B2800AA49009502FA /* Resources */ = {
			isa = PBXResourcesBuildPhase;
			buildActionMask = 2147483647;
			files = (
				04099C91280C8B810017D7C2 /* ProfileView.xib in Resources */,
			);
			runOnlyForDeploymentPostprocessing = 0;
		};
/* End PBXResourcesBuildPhase section */

/* Begin PBXSourcesBuildPhase section */
		04AFD7292800AA43009502FA /* Sources */ = {
			isa = PBXSourcesBuildPhase;
			buildActionMask = 2147483647;
			files = (
				04099C98280C8BF90017D7C2 /* ProfileViewController.swift in Sources */,
				04AFD7352800AA43009502FA /* ViewController.swift in Sources */,
				04AFD7312800AA43009502FA /* AppDelegate.swift in Sources */,
				04099C96280C8BD60017D7C2 /* ProfileView.swift in Sources */,
				04AFD7332800AA43009502FA /* SceneDelegate.swift in Sources */,
			);
			runOnlyForDeploymentPostprocessing = 0;
		};
		04AFD73F2800AA48009502FA /* Sources */ = {
			isa = PBXSourcesBuildPhase;
			buildActionMask = 2147483647;
			files = (
				04AFD7482800AA48009502FA /* Netology_IB_Instruments1Tests.swift in Sources */,
			);
			runOnlyForDeploymentPostprocessing = 0;
		};
		04AFD7492800AA49009502FA /* Sources */ = {
			isa = PBXSourcesBuildPhase;
			buildActionMask = 2147483647;
			files = (
				04AFD7522800AA49009502FA /* Netology_IB_Instruments1UITests.swift in Sources */,
				04AFD7542800AA49009502FA /* Netology_IB_Instruments1UITestsLaunchTests.swift in Sources */,
			);
			runOnlyForDeploymentPostprocessing = 0;
		};
/* End PBXSourcesBuildPhase section */

/* Begin PBXTargetDependency section */
		04AFD7452800AA48009502FA /* PBXTargetDependency */ = {
			isa = PBXTargetDependency;
			target = 04AFD72C2800AA43009502FA /* Netology_IB_Instruments1 */;
			targetProxy = 04AFD7442800AA48009502FA /* PBXContainerItemProxy */;
		};
		04AFD74F2800AA49009502FA /* PBXTargetDependency */ = {
			isa = PBXTargetDependency;
			target = 04AFD72C2800AA43009502FA /* Netology_IB_Instruments1 */;
			targetProxy = 04AFD74E2800AA49009502FA /* PBXContainerItemProxy */;
		};
/* End PBXTargetDependency section */

/* Begin PBXVariantGroup section */
		04AFD7362800AA43009502FA /* Main.storyboard */ = {
			isa = PBXVariantGroup;
			children = (
				04AFD7372800AA43009502FA /* Base */,
			);
			name = Main.storyboard;
			sourceTree = "<group>";
		};
		04AFD73B2800AA47009502FA /* LaunchScreen.storyboard */ = {
			isa = PBXVariantGroup;
			children = (
				04AFD73C2800AA47009502FA /* Base */,
			);
			name = LaunchScreen.storyboard;
			sourceTree = "<group>";
		};
/* End PBXVariantGroup section */

/* Begin XCBuildConfiguration section */
		04AFD7552800AA49009502FA /* Debug */ = {
			isa = XCBuildConfiguration;
			buildSettings = {
				ALWAYS_SEARCH_USER_PATHS = NO;
				CLANG_ANALYZER_NONNULL = YES;
				CLANG_ANALYZER_NUMBER_OBJECT_CONVERSION = YES_AGGRESSIVE;
				CLANG_CXX_LANGUAGE_STANDARD = "gnu++17";
				CLANG_CXX_LIBRARY = "libc++";
				CLANG_ENABLE_MODULES = YES;
				CLANG_ENABLE_OBJC_ARC = YES;
				CLANG_ENABLE_OBJC_WEAK = YES;
				CLANG_WARN_BLOCK_CAPTURE_AUTORELEASING = YES;
				CLANG_WARN_BOOL_CONVERSION = YES;
				CLANG_WARN_COMMA = YES;
				CLANG_WARN_CONSTANT_CONVERSION = YES;
				CLANG_WARN_DEPRECATED_OBJC_IMPLEMENTATIONS = YES;
				CLANG_WARN_DIRECT_OBJC_ISA_USAGE = YES_ERROR;
				CLANG_WARN_DOCUMENTATION_COMMENTS = YES;
				CLANG_WARN_EMPTY_BODY = YES;
				CLANG_WARN_ENUM_CONVERSION = YES;
				CLANG_WARN_INFINITE_RECURSION = YES;
				CLANG_WARN_INT_CONVERSION = YES;
				CLANG_WARN_NON_LITERAL_NULL_CONVERSION = YES;
				CLANG_WARN_OBJC_IMPLICIT_RETAIN_SELF = YES;
				CLANG_WARN_OBJC_LITERAL_CONVERSION = YES;
				CLANG_WARN_OBJC_ROOT_CLASS = YES_ERROR;
				CLANG_WARN_QUOTED_INCLUDE_IN_FRAMEWORK_HEADER = YES;
				CLANG_WARN_RANGE_LOOP_ANALYSIS = YES;
				CLANG_WARN_STRICT_PROTOTYPES = YES;
				CLANG_WARN_SUSPICIOUS_MOVE = YES;
				CLANG_WARN_UNGUARDED_AVAILABILITY = YES_AGGRESSIVE;
				CLANG_WARN_UNREACHABLE_CODE = YES;
				CLANG_WARN__DUPLICATE_METHOD_MATCH = YES;
				COPY_PHASE_STRIP = NO;
				DEBUG_INFORMATION_FORMAT = dwarf;
				ENABLE_STRICT_OBJC_MSGSEND = YES;
				ENABLE_TESTABILITY = YES;
				GCC_C_LANGUAGE_STANDARD = gnu11;
				GCC_DYNAMIC_NO_PIC = NO;
				GCC_NO_COMMON_BLOCKS = YES;
				GCC_OPTIMIZATION_LEVEL = 0;
				GCC_PREPROCESSOR_DEFINITIONS = (
					"DEBUG=1",
					"$(inherited)",
				);
				GCC_WARN_64_TO_32_BIT_CONVERSION = YES;
				GCC_WARN_ABOUT_RETURN_TYPE = YES_ERROR;
				GCC_WARN_UNDECLARED_SELECTOR = YES;
				GCC_WARN_UNINITIALIZED_AUTOS = YES_AGGRESSIVE;
				GCC_WARN_UNUSED_FUNCTION = YES;
				GCC_WARN_UNUSED_VARIABLE = YES;
				IPHONEOS_DEPLOYMENT_TARGET = 15.2;
				MTL_ENABLE_DEBUG_INFO = INCLUDE_SOURCE;
				MTL_FAST_MATH = YES;
				ONLY_ACTIVE_ARCH = YES;
				SDKROOT = iphoneos;
				SWIFT_ACTIVE_COMPILATION_CONDITIONS = DEBUG;
				SWIFT_OPTIMIZATION_LEVEL = "-Onone";
			};
			name = Debug;
		};
		04AFD7562800AA49009502FA /* Release */ = {
			isa = XCBuildConfiguration;
			buildSettings = {
				ALWAYS_SEARCH_USER_PATHS = NO;
				CLANG_ANALYZER_NONNULL = YES;
				CLANG_ANALYZER_NUMBER_OBJECT_CONVERSION = YES_AGGRESSIVE;
				CLANG_CXX_LANGUAGE_STANDARD = "gnu++17";
				CLANG_CXX_LIBRARY = "libc++";
				CLANG_ENABLE_MODULES = YES;
				CLANG_ENABLE_OBJC_ARC = YES;
				CLANG_ENABLE_OBJC_WEAK = YES;
				CLANG_WARN_BLOCK_CAPTURE_AUTORELEASING = YES;
				CLANG_WARN_BOOL_CONVERSION = YES;
				CLANG_WARN_COMMA = YES;
				CLANG_WARN_CONSTANT_CONVERSION = YES;
				CLANG_WARN_DEPRECATED_OBJC_IMPLEMENTATIONS = YES;
				CLANG_WARN_DIRECT_OBJC_ISA_USAGE = YES_ERROR;
				CLANG_WARN_DOCUMENTATION_COMMENTS = YES;
				CLANG_WARN_EMPTY_BODY = YES;
				CLANG_WARN_ENUM_CONVERSION = YES;
				CLANG_WARN_INFINITE_RECURSION = YES;
				CLANG_WARN_INT_CONVERSION = YES;
				CLANG_WARN_NON_LITERAL_NULL_CONVERSION = YES;
				CLANG_WARN_OBJC_IMPLICIT_RETAIN_SELF = YES;
				CLANG_WARN_OBJC_LITERAL_CONVERSION = YES;
				CLANG_WARN_OBJC_ROOT_CLASS = YES_ERROR;
				CLANG_WARN_QUOTED_INCLUDE_IN_FRAMEWORK_HEADER = YES;
				CLANG_WARN_RANGE_LOOP_ANALYSIS = YES;
				CLANG_WARN_STRICT_PROTOTYPES = YES;
				CLANG_WARN_SUSPICIOUS_MOVE = YES;
				CLANG_WARN_UNGUARDED_AVAILABILITY = YES_AGGRESSIVE;
				CLANG_WARN_UNREACHABLE_CODE = YES;
				CLANG_WARN__DUPLICATE_METHOD_MATCH = YES;
				COPY_PHASE_STRIP = NO;
				DEBUG_INFORMATION_FORMAT = "dwarf-with-dsym";
				ENABLE_NS_ASSERTIONS = NO;
				ENABLE_STRICT_OBJC_MSGSEND = YES;
				GCC_C_LANGUAGE_STANDARD = gnu11;
				GCC_NO_COMMON_BLOCKS = YES;
				GCC_WARN_64_TO_32_BIT_CONVERSION = YES;
				GCC_WARN_ABOUT_RETURN_TYPE = YES_ERROR;
				GCC_WARN_UNDECLARED_SELECTOR = YES;
				GCC_WARN_UNINITIALIZED_AUTOS = YES_AGGRESSIVE;
				GCC_WARN_UNUSED_FUNCTION = YES;
				GCC_WARN_UNUSED_VARIABLE = YES;
				IPHONEOS_DEPLOYMENT_TARGET = 15.2;
				MTL_ENABLE_DEBUG_INFO = NO;
				MTL_FAST_MATH = YES;
				SDKROOT = iphoneos;
				SWIFT_COMPILATION_MODE = wholemodule;
				SWIFT_OPTIMIZATION_LEVEL = "-O";
				VALIDATE_PRODUCT = YES;
			};
			name = Release;
		};
		04AFD7582800AA49009502FA /* Debug */ = {
			isa = XCBuildConfiguration;
			buildSettings = {
				ASSETCATALOG_COMPILER_APPICON_NAME = AppIcon;
				ASSETCATALOG_COMPILER_GLOBAL_ACCENT_COLOR_NAME = AccentColor;
				CODE_SIGN_STYLE = Automatic;
				CURRENT_PROJECT_VERSION = 1;
				GENERATE_INFOPLIST_FILE = YES;
				INFOPLIST_FILE = Netology_IB_Instruments1/Info.plist;
				INFOPLIST_KEY_UIApplicationSupportsIndirectInputEvents = YES;
				INFOPLIST_KEY_UILaunchStoryboardName = LaunchScreen;
				INFOPLIST_KEY_UIMainStoryboardFile = Profile;
				INFOPLIST_KEY_UISupportedInterfaceOrientations_iPad = "UIInterfaceOrientationPortrait UIInterfaceOrientationPortraitUpsideDown UIInterfaceOrientationLandscapeLeft UIInterfaceOrientationLandscapeRight";
				INFOPLIST_KEY_UISupportedInterfaceOrientations_iPhone = "UIInterfaceOrientationPortrait UIInterfaceOrientationLandscapeLeft UIInterfaceOrientationLandscapeRight";
				LD_RUNPATH_SEARCH_PATHS = (
					"$(inherited)",
					"@executable_path/Frameworks",
				);
				MARKETING_VERSION = 1.0;
				PRODUCT_BUNDLE_IDENTIFIER = "Sergei.Netology-IB-Instruments1";
				PRODUCT_NAME = "$(TARGET_NAME)";
				SWIFT_EMIT_LOC_STRINGS = YES;
				SWIFT_VERSION = 5.0;
				TARGETED_DEVICE_FAMILY = "1,2";
			};
			name = Debug;
		};
		04AFD7592800AA49009502FA /* Release */ = {
			isa = XCBuildConfiguration;
			buildSettings = {
				ASSETCATALOG_COMPILER_APPICON_NAME = AppIcon;
				ASSETCATALOG_COMPILER_GLOBAL_ACCENT_COLOR_NAME = AccentColor;
				CODE_SIGN_STYLE = Automatic;
				CURRENT_PROJECT_VERSION = 1;
				GENERATE_INFOPLIST_FILE = YES;
				INFOPLIST_FILE = Netology_IB_Instruments1/Info.plist;
				INFOPLIST_KEY_UIApplicationSupportsIndirectInputEvents = YES;
				INFOPLIST_KEY_UILaunchStoryboardName = LaunchScreen;
				INFOPLIST_KEY_UIMainStoryboardFile = Profile;
				INFOPLIST_KEY_UISupportedInterfaceOrientations_iPad = "UIInterfaceOrientationPortrait UIInterfaceOrientationPortraitUpsideDown UIInterfaceOrientationLandscapeLeft UIInterfaceOrientationLandscapeRight";
				INFOPLIST_KEY_UISupportedInterfaceOrientations_iPhone = "UIInterfaceOrientationPortrait UIInterfaceOrientationLandscapeLeft UIInterfaceOrientationLandscapeRight";
				LD_RUNPATH_SEARCH_PATHS = (
					"$(inherited)",
					"@executable_path/Frameworks",
				);
				MARKETING_VERSION = 1.0;
				PRODUCT_BUNDLE_IDENTIFIER = "Sergei.Netology-IB-Instruments1";
				PRODUCT_NAME = "$(TARGET_NAME)";
				SWIFT_EMIT_LOC_STRINGS = YES;
				SWIFT_VERSION = 5.0;
				TARGETED_DEVICE_FAMILY = "1,2";
			};
			name = Release;
		};
		04AFD75B2800AA49009502FA /* Debug */ = {
			isa = XCBuildConfiguration;
			buildSettings = {
				ALWAYS_EMBED_SWIFT_STANDARD_LIBRARIES = YES;
				BUNDLE_LOADER = "$(TEST_HOST)";
				CODE_SIGN_STYLE = Automatic;
				CURRENT_PROJECT_VERSION = 1;
				GENERATE_INFOPLIST_FILE = YES;
				IPHONEOS_DEPLOYMENT_TARGET = 15.2;
				MARKETING_VERSION = 1.0;
				PRODUCT_BUNDLE_IDENTIFIER = "Sergei.Netology-IB-Instruments1Tests";
				PRODUCT_NAME = "$(TARGET_NAME)";
				SWIFT_EMIT_LOC_STRINGS = NO;
				SWIFT_VERSION = 5.0;
				TARGETED_DEVICE_FAMILY = "1,2";
				TEST_HOST = "$(BUILT_PRODUCTS_DIR)/Netology_IB_Instruments1.app/Netology_IB_Instruments1";
			};
			name = Debug;
		};
		04AFD75C2800AA49009502FA /* Release */ = {
			isa = XCBuildConfiguration;
			buildSettings = {
				ALWAYS_EMBED_SWIFT_STANDARD_LIBRARIES = YES;
				BUNDLE_LOADER = "$(TEST_HOST)";
				CODE_SIGN_STYLE = Automatic;
				CURRENT_PROJECT_VERSION = 1;
				GENERATE_INFOPLIST_FILE = YES;
				IPHONEOS_DEPLOYMENT_TARGET = 15.2;
				MARKETING_VERSION = 1.0;
				PRODUCT_BUNDLE_IDENTIFIER = "Sergei.Netology-IB-Instruments1Tests";
				PRODUCT_NAME = "$(TARGET_NAME)";
				SWIFT_EMIT_LOC_STRINGS = NO;
				SWIFT_VERSION = 5.0;
				TARGETED_DEVICE_FAMILY = "1,2";
				TEST_HOST = "$(BUILT_PRODUCTS_DIR)/Netology_IB_Instruments1.app/Netology_IB_Instruments1";
			};
			name = Release;
		};
		04AFD75E2800AA49009502FA /* Debug */ = {
			isa = XCBuildConfiguration;
			buildSettings = {
				ALWAYS_EMBED_SWIFT_STANDARD_LIBRARIES = YES;
				CODE_SIGN_STYLE = Automatic;
				CURRENT_PROJECT_VERSION = 1;
				GENERATE_INFOPLIST_FILE = YES;
				MARKETING_VERSION = 1.0;
				PRODUCT_BUNDLE_IDENTIFIER = "Sergei.Netology-IB-Instruments1UITests";
				PRODUCT_NAME = "$(TARGET_NAME)";
				SWIFT_EMIT_LOC_STRINGS = NO;
				SWIFT_VERSION = 5.0;
				TARGETED_DEVICE_FAMILY = "1,2";
				TEST_TARGET_NAME = Netology_IB_Instruments1;
			};
			name = Debug;
		};
		04AFD75F2800AA49009502FA /* Release */ = {
			isa = XCBuildConfiguration;
			buildSettings = {
				ALWAYS_EMBED_SWIFT_STANDARD_LIBRARIES = YES;
				CODE_SIGN_STYLE = Automatic;
				CURRENT_PROJECT_VERSION = 1;
				GENERATE_INFOPLIST_FILE = YES;
				MARKETING_VERSION = 1.0;
				PRODUCT_BUNDLE_IDENTIFIER = "Sergei.Netology-IB-Instruments1UITests";
				PRODUCT_NAME = "$(TARGET_NAME)";
				SWIFT_EMIT_LOC_STRINGS = NO;
				SWIFT_VERSION = 5.0;
				TARGETED_DEVICE_FAMILY = "1,2";
				TEST_TARGET_NAME = Netology_IB_Instruments1;
			};
			name = Release;
		};
/* End XCBuildConfiguration section */

/* Begin XCConfigurationList section */
		04AFD7282800AA43009502FA /* Build configuration list for PBXProject "Netology_IB_Instruments1" */ = {
			isa = XCConfigurationList;
			buildConfigurations = (
				04AFD7552800AA49009502FA /* Debug */,
				04AFD7562800AA49009502FA /* Release */,
			);
			defaultConfigurationIsVisible = 0;
			defaultConfigurationName = Release;
		};
		04AFD7572800AA49009502FA /* Build configuration list for PBXNativeTarget "Netology_IB_Instruments1" */ = {
			isa = XCConfigurationList;
			buildConfigurations = (
				04AFD7582800AA49009502FA /* Debug */,
				04AFD7592800AA49009502FA /* Release */,
			);
			defaultConfigurationIsVisible = 0;
			defaultConfigurationName = Release;
		};
		04AFD75A2800AA49009502FA /* Build configuration list for PBXNativeTarget "Netology_IB_Instruments1Tests" */ = {
			isa = XCConfigurationList;
			buildConfigurations = (
				04AFD75B2800AA49009502FA /* Debug */,
				04AFD75C2800AA49009502FA /* Release */,
			);
			defaultConfigurationIsVisible = 0;
			defaultConfigurationName = Release;
		};
		04AFD75D2800AA49009502FA /* Build configuration list for PBXNativeTarget "Netology_IB_Instruments1UITests" */ = {
			isa = XCConfigurationList;
			buildConfigurations = (
				04AFD75E2800AA49009502FA /* Debug */,
				04AFD75F2800AA49009502FA /* Release */,
			);
			defaultConfigurationIsVisible = 0;
			defaultConfigurationName = Release;
		};
/* End XCConfigurationList section */
	};
	rootObject = 04AFD7252800AA43009502FA /* Project object */;
}
